
Microsoft Visual Studio Solution File, Format Version 12.00
# Visual Studio Version 16
VisualStudioVersion = 16.0.28729.10
MinimumVisualStudioVersion = 10.0.40219.1
Project("{FAE04EC0-301F-11D3-BF4B-00C04F79EFBC}") = "HashLister", "HashLister.csproj", "{B52DF0D4-61A8-4C56-B6EE-2A20E7785B05}"
EndProject
Global
	GlobalSection(SolutionConfigurationPlatforms) = preSolution
		Debug|Any CPU = Debug|Any CPU
		Release|Any CPU = Release|Any CPU
	EndGlobalSection
	GlobalSection(ProjectConfigurationPlatforms) = postSolution
		{B52DF0D4-61A8-4C56-B6EE-2A20E7785B05}.Debug|Any CPU.ActiveCfg = Debug|Any CPU
		{B52DF0D4-61A8-4C56-B6EE-2A20E7785B05}.Debug|Any CPU.Build.0 = Debug|Any CPU
		{B52DF0D4-61A8-4C56-B6EE-2A20E7785B05}.Release|Any CPU.ActiveCfg = Release|Any CPU
		{B52DF0D4-61A8-4C56-B6EE-2A20E7785B05}.Release|Any CPU.Build.0 = Release|Any CPU
	EndGlobalSection
	GlobalSection(SolutionProperties) = preSolution
		HideSolutionNode = FALSE
	EndGlobalSection
	GlobalSection(ExtensibilityGlobals) = postSolution
		SolutionGuid = {57A6EB9C-8576-49CA-A2CA-4623C0FF7453}
	EndGlobalSection
EndGlobal
